// !$*UTF8*$!
{
	archiveVersion = 1;
	classes = {
	};
	objectVersion = 50;
	objects = {

/* Begin PBXBuildFile section */
		66C85CC22338A5ED0037EA5C /* AppDelegate.swift in Sources */ = {isa = PBXBuildFile; fileRef = 66C85CC12338A5ED0037EA5C /* AppDelegate.swift */; };
		66C85CC42338A5ED0037EA5C /* SceneDelegate.swift in Sources */ = {isa = PBXBuildFile; fileRef = 66C85CC32338A5ED0037EA5C /* SceneDelegate.swift */; };
		66C85CC62338A5ED0037EA5C /* ViewController.swift in Sources */ = {isa = PBXBuildFile; fileRef = 66C85CC52338A5ED0037EA5C /* ViewController.swift */; };
		66C85CC92338A5ED0037EA5C /* Main.storyboard in Resources */ = {isa = PBXBuildFile; fileRef = 66C85CC72338A5ED0037EA5C /* Main.storyboard */; };
		66C85CCC2338A5ED0037EA5C /* TechChan.xcdatamodeld in Sources */ = {isa = PBXBuildFile; fileRef = 66C85CCA2338A5ED0037EA5C /* TechChan.xcdatamodeld */; };
		66C85CCE2338A5F00037EA5C /* Assets.xcassets in Resources */ = {isa = PBXBuildFile; fileRef = 66C85CCD2338A5F00037EA5C /* Assets.xcassets */; };
		66C85CD12338A5F00037EA5C /* LaunchScreen.storyboard in Resources */ = {isa = PBXBuildFile; fileRef = 66C85CCF2338A5F00037EA5C /* LaunchScreen.storyboard */; };
		66C85CDC2338A5F00037EA5C /* TechChanTests.swift in Sources */ = {isa = PBXBuildFile; fileRef = 66C85CDB2338A5F00037EA5C /* TechChanTests.swift */; };
		66C85CE72338A5F00037EA5C /* TechChanUITests.swift in Sources */ = {isa = PBXBuildFile; fileRef = 66C85CE62338A5F00037EA5C /* TechChanUITests.swift */; };
/* End PBXBuildFile section */

/* Begin PBXContainerItemProxy section */
		66C85CD82338A5F00037EA5C /* PBXContainerItemProxy */ = {
			isa = PBXContainerItemProxy;
			containerPortal = 66C85CB62338A5ED0037EA5C /* Project object */;
			proxyType = 1;
			remoteGlobalIDString = 66C85CBD2338A5ED0037EA5C;
			remoteInfo = TechChan;
		};
		66C85CE32338A5F00037EA5C /* PBXContainerItemProxy */ = {
			isa = PBXContainerItemProxy;
			containerPortal = 66C85CB62338A5ED0037EA5C /* Project object */;
			proxyType = 1;
			remoteGlobalIDString = 66C85CBD2338A5ED0037EA5C;
			remoteInfo = TechChan;
		};
/* End PBXContainerItemProxy section */

/* Begin PBXFileReference section */
		66C85CBE2338A5ED0037EA5C /* TechChan.app */ = {isa = PBXFileReference; explicitFileType = wrapper.application; includeInIndex = 0; path = TechChan.app; sourceTree = BUILT_PRODUCTS_DIR; };
		66C85CC12338A5ED0037EA5C /* AppDelegate.swift */ = {isa = PBXFileReference; lastKnownFileType = sourcecode.swift; path = AppDelegate.swift; sourceTree = "<group>"; };
		66C85CC32338A5ED0037EA5C /* SceneDelegate.swift */ = {isa = PBXFileReference; lastKnownFileType = sourcecode.swift; path = SceneDelegate.swift; sourceTree = "<group>"; };
		66C85CC52338A5ED0037EA5C /* ViewController.swift */ = {isa = PBXFileReference; lastKnownFileType = sourcecode.swift; path = ViewController.swift; sourceTree = "<group>"; };
		66C85CC82338A5ED0037EA5C /* Base */ = {isa = PBXFileReference; lastKnownFileType = file.storyboard; name = Base; path = Base.lproj/Main.storyboard; sourceTree = "<group>"; };
		66C85CCB2338A5ED0037EA5C /* TechChan.xcdatamodel */ = {isa = PBXFileReference; lastKnownFileType = wrapper.xcdatamodel; path = TechChan.xcdatamodel; sourceTree = "<group>"; };
		66C85CCD2338A5F00037EA5C /* Assets.xcassets */ = {isa = PBXFileReference; lastKnownFileType = folder.assetcatalog; path = Assets.xcassets; sourceTree = "<group>"; };
		66C85CD02338A5F00037EA5C /* Base */ = {isa = PBXFileReference; lastKnownFileType = file.storyboard; name = Base; path = Base.lproj/LaunchScreen.storyboard; sourceTree = "<group>"; };
		66C85CD22338A5F00037EA5C /* Info.plist */ = {isa = PBXFileReference; lastKnownFileType = text.plist.xml; path = Info.plist; sourceTree = "<group>"; };
		66C85CD72338A5F00037EA5C /* TechChanTests.xctest */ = {isa = PBXFileReference; explicitFileType = wrapper.cfbundle; includeInIndex = 0; path = TechChanTests.xctest; sourceTree = BUILT_PRODUCTS_DIR; };
		66C85CDB2338A5F00037EA5C /* TechChanTests.swift */ = {isa = PBXFileReference; lastKnownFileType = sourcecode.swift; path = TechChanTests.swift; sourceTree = "<group>"; };
		66C85CDD2338A5F00037EA5C /* Info.plist */ = {isa = PBXFileReference; lastKnownFileType = text.plist.xml; path = Info.plist; sourceTree = "<group>"; };
		66C85CE22338A5F00037EA5C /* TechChanUITests.xctest */ = {isa = PBXFileReference; explicitFileType = wrapper.cfbundle; includeInIndex = 0; path = TechChanUITests.xctest; sourceTree = BUILT_PRODUCTS_DIR; };
		66C85CE62338A5F00037EA5C /* TechChanUITests.swift */ = {isa = PBXFileReference; lastKnownFileType = sourcecode.swift; path = TechChanUITests.swift; sourceTree = "<group>"; };
		66C85CE82338A5F00037EA5C /* Info.plist */ = {isa = PBXFileReference; lastKnownFileType = text.plist.xml; path = Info.plist; sourceTree = "<group>"; };
/* End PBXFileReference section */

/* Begin PBXFrameworksBuildPhase section */
		66C85CBB2338A5ED0037EA5C /* Frameworks */ = {
			isa = PBXFrameworksBuildPhase;
			buildActionMask = 2147483647;
			files = (
			);
			runOnlyForDeploymentPostprocessing = 0;
		};
		66C85CD42338A5F00037EA5C /* Frameworks */ = {
			isa = PBXFrameworksBuildPhase;
			buildActionMask = 2147483647;
			files = (
			);
			runOnlyForDeploymentPostprocessing = 0;
		};
		66C85CDF2338A5F00037EA5C /* Frameworks */ = {
			isa = PBXFrameworksBuildPhase;
			buildActionMask = 2147483647;
			files = (
			);
			runOnlyForDeploymentPostprocessing = 0;
		};
/* End PBXFrameworksBuildPhase section */

/* Begin PBXGroup section */
		66C85CB52338A5ED0037EA5C = {
			isa = PBXGroup;
			children = (
				66C85CC02338A5ED0037EA5C /* TechChan */,
				66C85CDA2338A5F00037EA5C /* TechChanTests */,
				66C85CE52338A5F00037EA5C /* TechChanUITests */,
				66C85CBF2338A5ED0037EA5C /* Products */,
			);
			sourceTree = "<group>";
		};
		66C85CBF2338A5ED0037EA5C /* Products */ = {
			isa = PBXGroup;
			children = (
				66C85CBE2338A5ED0037EA5C /* TechChan.app */,
				66C85CD72338A5F00037EA5C /* TechChanTests.xctest */,
				66C85CE22338A5F00037EA5C /* TechChanUITests.xctest */,
			);
			name = Products;
			sourceTree = "<group>";
		};
		66C85CC02338A5ED0037EA5C /* TechChan */ = {
			isa = PBXGroup;
			children = (
				66C85CC12338A5ED0037EA5C /* AppDelegate.swift */,
				66C85CC32338A5ED0037EA5C /* SceneDelegate.swift */,
				66C85CC52338A5ED0037EA5C /* ViewController.swift */,
				66C85CC72338A5ED0037EA5C /* Main.storyboard */,
				66C85CCD2338A5F00037EA5C /* Assets.xcassets */,
				66C85CCF2338A5F00037EA5C /* LaunchScreen.storyboard */,
				66C85CD22338A5F00037EA5C /* Info.plist */,
				66C85CCA2338A5ED0037EA5C /* TechChan.xcdatamodeld */,
			);
			path = TechChan;
			sourceTree = "<group>";
		};
		66C85CDA2338A5F00037EA5C /* TechChanTests */ = {
			isa = PBXGroup;
			children = (
				66C85CDB2338A5F00037EA5C /* TechChanTests.swift */,
				66C85CDD2338A5F00037EA5C /* Info.plist */,
			);
			path = TechChanTests;
			sourceTree = "<group>";
		};
		66C85CE52338A5F00037EA5C /* TechChanUITests */ = {
			isa = PBXGroup;
			children = (
				66C85CE62338A5F00037EA5C /* TechChanUITests.swift */,
				66C85CE82338A5F00037EA5C /* Info.plist */,
			);
			path = TechChanUITests;
			sourceTree = "<group>";
		};
/* End PBXGroup section */

/* Begin PBXNativeTarget section */
		66C85CBD2338A5ED0037EA5C /* TechChan */ = {
			isa = PBXNativeTarget;
			buildConfigurationList = 66C85CEB2338A5F00037EA5C /* Build configuration list for PBXNativeTarget "TechChan" */;
			buildPhases = (
				66C85CBA2338A5ED0037EA5C /* Sources */,
				66C85CBB2338A5ED0037EA5C /* Frameworks */,
				66C85CBC2338A5ED0037EA5C /* Resources */,
			);
			buildRules = (
			);
			dependencies = (
			);
			name = TechChan;
			productName = TechChan;
			productReference = 66C85CBE2338A5ED0037EA5C /* TechChan.app */;
			productType = "com.apple.product-type.application";
		};
		66C85CD62338A5F00037EA5C /* TechChanTests */ = {
			isa = PBXNativeTarget;
			buildConfigurationList = 66C85CEE2338A5F00037EA5C /* Build configuration list for PBXNativeTarget "TechChanTests" */;
			buildPhases = (
				66C85CD32338A5F00037EA5C /* Sources */,
				66C85CD42338A5F00037EA5C /* Frameworks */,
				66C85CD52338A5F00037EA5C /* Resources */,
			);
			buildRules = (
			);
			dependencies = (
				66C85CD92338A5F00037EA5C /* PBXTargetDependency */,
			);
			name = TechChanTests;
			productName = TechChanTests;
			productReference = 66C85CD72338A5F00037EA5C /* TechChanTests.xctest */;
			productType = "com.apple.product-type.bundle.unit-test";
		};
		66C85CE12338A5F00037EA5C /* TechChanUITests */ = {
			isa = PBXNativeTarget;
			buildConfigurationList = 66C85CF12338A5F00037EA5C /* Build configuration list for PBXNativeTarget "TechChanUITests" */;
			buildPhases = (
				66C85CDE2338A5F00037EA5C /* Sources */,
				66C85CDF2338A5F00037EA5C /* Frameworks */,
				66C85CE02338A5F00037EA5C /* Resources */,
			);
			buildRules = (
			);
			dependencies = (
				66C85CE42338A5F00037EA5C /* PBXTargetDependency */,
			);
			name = TechChanUITests;
			productName = TechChanUITests;
			productReference = 66C85CE22338A5F00037EA5C /* TechChanUITests.xctest */;
			productType = "com.apple.product-type.bundle.ui-testing";
		};
/* End PBXNativeTarget section */

/* Begin PBXProject section */
		66C85CB62338A5ED0037EA5C /* Project object */ = {
			isa = PBXProject;
			attributes = {
				LastSwiftUpdateCheck = 1100;
				LastUpgradeCheck = 1100;
				ORGANIZATIONNAME = "大林拓実";
				TargetAttributes = {
					66C85CBD2338A5ED0037EA5C = {
						CreatedOnToolsVersion = 11.0;
					};
					66C85CD62338A5F00037EA5C = {
						CreatedOnToolsVersion = 11.0;
						TestTargetID = 66C85CBD2338A5ED0037EA5C;
					};
					66C85CE12338A5F00037EA5C = {
						CreatedOnToolsVersion = 11.0;
						TestTargetID = 66C85CBD2338A5ED0037EA5C;
					};
				};
			};
			buildConfigurationList = 66C85CB92338A5ED0037EA5C /* Build configuration list for PBXProject "TechChan" */;
			compatibilityVersion = "Xcode 9.3";
			developmentRegion = en;
			hasScannedForEncodings = 0;
			knownRegions = (
				en,
				Base,
			);
			mainGroup = 66C85CB52338A5ED0037EA5C;
			productRefGroup = 66C85CBF2338A5ED0037EA5C /* Products */;
			projectDirPath = "";
			projectRoot = "";
			targets = (
				66C85CBD2338A5ED0037EA5C /* TechChan */,
				66C85CD62338A5F00037EA5C /* TechChanTests */,
				66C85CE12338A5F00037EA5C /* TechChanUITests */,
			);
		};
/* End PBXProject section */

/* Begin PBXResourcesBuildPhase section */
		66C85CBC2338A5ED0037EA5C /* Resources */ = {
			isa = PBXResourcesBuildPhase;
			buildActionMask = 2147483647;
			files = (
				66C85CD12338A5F00037EA5C /* LaunchScreen.storyboard in Resources */,
				66C85CCE2338A5F00037EA5C /* Assets.xcassets in Resources */,
				66C85CC92338A5ED0037EA5C /* Main.storyboard in Resources */,
			);
			runOnlyForDeploymentPostprocessing = 0;
		};
		66C85CD52338A5F00037EA5C /* Resources */ = {
			isa = PBXResourcesBuildPhase;
			buildActionMask = 2147483647;
			files = (
			);
			runOnlyForDeploymentPostprocessing = 0;
		};
		66C85CE02338A5F00037EA5C /* Resources */ = {
			isa = PBXResourcesBuildPhase;
			buildActionMask = 2147483647;
			files = (
			);
			runOnlyForDeploymentPostprocessing = 0;
		};
/* End PBXResourcesBuildPhase section */

/* Begin PBXSourcesBuildPhase section */
		66C85CBA2338A5ED0037EA5C /* Sources */ = {
			isa = PBXSourcesBuildPhase;
			buildActionMask = 2147483647;
			files = (
				66C85CC62338A5ED0037EA5C /* ViewController.swift in Sources */,
				66C85CC22338A5ED0037EA5C /* AppDelegate.swift in Sources */,
				66C85CC42338A5ED0037EA5C /* SceneDelegate.swift in Sources */,
				66C85CCC2338A5ED0037EA5C /* TechChan.xcdatamodeld in Sources */,
			);
			runOnlyForDeploymentPostprocessing = 0;
		};
		66C85CD32338A5F00037EA5C /* Sources */ = {
			isa = PBXSourcesBuildPhase;
			buildActionMask = 2147483647;
			files = (
				66C85CDC2338A5F00037EA5C /* TechChanTests.swift in Sources */,
			);
			runOnlyForDeploymentPostprocessing = 0;
		};
		66C85CDE2338A5F00037EA5C /* Sources */ = {
			isa = PBXSourcesBuildPhase;
			buildActionMask = 2147483647;
			files = (
				66C85CE72338A5F00037EA5C /* TechChanUITests.swift in Sources */,
			);
			runOnlyForDeploymentPostprocessing = 0;
		};
/* End PBXSourcesBuildPhase section */

/* Begin PBXTargetDependency section */
		66C85CD92338A5F00037EA5C /* PBXTargetDependency */ = {
			isa = PBXTargetDependency;
			target = 66C85CBD2338A5ED0037EA5C /* TechChan */;
			targetProxy = 66C85CD82338A5F00037EA5C /* PBXContainerItemProxy */;
		};
		66C85CE42338A5F00037EA5C /* PBXTargetDependency */ = {
			isa = PBXTargetDependency;
			target = 66C85CBD2338A5ED0037EA5C /* TechChan */;
			targetProxy = 66C85CE32338A5F00037EA5C /* PBXContainerItemProxy */;
		};
/* End PBXTargetDependency section */

/* Begin PBXVariantGroup section */
		66C85CC72338A5ED0037EA5C /* Main.storyboard */ = {
			isa = PBXVariantGroup;
			children = (
				66C85CC82338A5ED0037EA5C /* Base */,
			);
			name = Main.storyboard;
			sourceTree = "<group>";
		};
		66C85CCF2338A5F00037EA5C /* LaunchScreen.storyboard */ = {
			isa = PBXVariantGroup;
			children = (
				66C85CD02338A5F00037EA5C /* Base */,
			);
			name = LaunchScreen.storyboard;
			sourceTree = "<group>";
		};
/* End PBXVariantGroup section */

/* Begin XCBuildConfiguration section */
		66C85CE92338A5F00037EA5C /* Debug */ = {
			isa = XCBuildConfiguration;
			buildSettings = {
				ALWAYS_SEARCH_USER_PATHS = NO;
				CLANG_ANALYZER_NONNULL = YES;
				CLANG_ANALYZER_NUMBER_OBJECT_CONVERSION = YES_AGGRESSIVE;
				CLANG_CXX_LANGUAGE_STANDARD = "gnu++14";
				CLANG_CXX_LIBRARY = "libc++";
				CLANG_ENABLE_MODULES = YES;
				CLANG_ENABLE_OBJC_ARC = YES;
				CLANG_ENABLE_OBJC_WEAK = YES;
				CLANG_WARN_BLOCK_CAPTURE_AUTORELEASING = YES;
				CLANG_WARN_BOOL_CONVERSION = YES;
				CLANG_WARN_COMMA = YES;
				CLANG_WARN_CONSTANT_CONVERSION = YES;
				CLANG_WARN_DEPRECATED_OBJC_IMPLEMENTATIONS = YES;
				CLANG_WARN_DIRECT_OBJC_ISA_USAGE = YES_ERROR;
				CLANG_WARN_DOCUMENTATION_COMMENTS = YES;
				CLANG_WARN_EMPTY_BODY = YES;
				CLANG_WARN_ENUM_CONVERSION = YES;
				CLANG_WARN_INFINITE_RECURSION = YES;
				CLANG_WARN_INT_CONVERSION = YES;
				CLANG_WARN_NON_LITERAL_NULL_CONVERSION = YES;
				CLANG_WARN_OBJC_IMPLICIT_RETAIN_SELF = YES;
				CLANG_WARN_OBJC_LITERAL_CONVERSION = YES;
				CLANG_WARN_OBJC_ROOT_CLASS = YES_ERROR;
				CLANG_WARN_RANGE_LOOP_ANALYSIS = YES;
				CLANG_WARN_STRICT_PROTOTYPES = YES;
				CLANG_WARN_SUSPICIOUS_MOVE = YES;
				CLANG_WARN_UNGUARDED_AVAILABILITY = YES_AGGRESSIVE;
				CLANG_WARN_UNREACHABLE_CODE = YES;
				CLANG_WARN__DUPLICATE_METHOD_MATCH = YES;
				COPY_PHASE_STRIP = NO;
				DEBUG_INFORMATION_FORMAT = dwarf;
				ENABLE_STRICT_OBJC_MSGSEND = YES;
				ENABLE_TESTABILITY = YES;
				GCC_C_LANGUAGE_STANDARD = gnu11;
				GCC_DYNAMIC_NO_PIC = NO;
				GCC_NO_COMMON_BLOCKS = YES;
				GCC_OPTIMIZATION_LEVEL = 0;
				GCC_PREPROCESSOR_DEFINITIONS = (
					"DEBUG=1",
					"$(inherited)",
				);
				GCC_WARN_64_TO_32_BIT_CONVERSION = YES;
				GCC_WARN_ABOUT_RETURN_TYPE = YES_ERROR;
				GCC_WARN_UNDECLARED_SELECTOR = YES;
				GCC_WARN_UNINITIALIZED_AUTOS = YES_AGGRESSIVE;
				GCC_WARN_UNUSED_FUNCTION = YES;
				GCC_WARN_UNUSED_VARIABLE = YES;
				IPHONEOS_DEPLOYMENT_TARGET = 13.0;
				MTL_ENABLE_DEBUG_INFO = INCLUDE_SOURCE;
				MTL_FAST_MATH = YES;
				ONLY_ACTIVE_ARCH = YES;
				SDKROOT = iphoneos;
				SWIFT_ACTIVE_COMPILATION_CONDITIONS = DEBUG;
				SWIFT_OPTIMIZATION_LEVEL = "-Onone";
			};
			name = Debug;
		};
		66C85CEA2338A5F00037EA5C /* Release */ = {
			isa = XCBuildConfiguration;
			buildSettings = {
				ALWAYS_SEARCH_USER_PATHS = NO;
				CLANG_ANALYZER_NONNULL = YES;
				CLANG_ANALYZER_NUMBER_OBJECT_CONVERSION = YES_AGGRESSIVE;
				CLANG_CXX_LANGUAGE_STANDARD = "gnu++14";
				CLANG_CXX_LIBRARY = "libc++";
				CLANG_ENABLE_MODULES = YES;
				CLANG_ENABLE_OBJC_ARC = YES;
				CLANG_ENABLE_OBJC_WEAK = YES;
				CLANG_WARN_BLOCK_CAPTURE_AUTORELEASING = YES;
				CLANG_WARN_BOOL_CONVERSION = YES;
				CLANG_WARN_COMMA = YES;
				CLANG_WARN_CONSTANT_CONVERSION = YES;
				CLANG_WARN_DEPRECATED_OBJC_IMPLEMENTATIONS = YES;
				CLANG_WARN_DIRECT_OBJC_ISA_USAGE = YES_ERROR;
				CLANG_WARN_DOCUMENTATION_COMMENTS = YES;
				CLANG_WARN_EMPTY_BODY = YES;
				CLANG_WARN_ENUM_CONVERSION = YES;
				CLANG_WARN_INFINITE_RECURSION = YES;
				CLANG_WARN_INT_CONVERSION = YES;
				CLANG_WARN_NON_LITERAL_NULL_CONVERSION = YES;
				CLANG_WARN_OBJC_IMPLICIT_RETAIN_SELF = YES;
				CLANG_WARN_OBJC_LITERAL_CONVERSION = YES;
				CLANG_WARN_OBJC_ROOT_CLASS = YES_ERROR;
				CLANG_WARN_RANGE_LOOP_ANALYSIS = YES;
				CLANG_WARN_STRICT_PROTOTYPES = YES;
				CLANG_WARN_SUSPICIOUS_MOVE = YES;
				CLANG_WARN_UNGUARDED_AVAILABILITY = YES_AGGRESSIVE;
				CLANG_WARN_UNREACHABLE_CODE = YES;
				CLANG_WARN__DUPLICATE_METHOD_MATCH = YES;
				COPY_PHASE_STRIP = NO;
				DEBUG_INFORMATION_FORMAT = "dwarf-with-dsym";
				ENABLE_NS_ASSERTIONS = NO;
				ENABLE_STRICT_OBJC_MSGSEND = YES;
				GCC_C_LANGUAGE_STANDARD = gnu11;
				GCC_NO_COMMON_BLOCKS = YES;
				GCC_WARN_64_TO_32_BIT_CONVERSION = YES;
				GCC_WARN_ABOUT_RETURN_TYPE = YES_ERROR;
				GCC_WARN_UNDECLARED_SELECTOR = YES;
				GCC_WARN_UNINITIALIZED_AUTOS = YES_AGGRESSIVE;
				GCC_WARN_UNUSED_FUNCTION = YES;
				GCC_WARN_UNUSED_VARIABLE = YES;
				IPHONEOS_DEPLOYMENT_TARGET = 13.0;
				MTL_ENABLE_DEBUG_INFO = NO;
				MTL_FAST_MATH = YES;
				SDKROOT = iphoneos;
				SWIFT_COMPILATION_MODE = wholemodule;
				SWIFT_OPTIMIZATION_LEVEL = "-O";
				VALIDATE_PRODUCT = YES;
			};
			name = Release;
		};
		66C85CEC2338A5F00037EA5C /* Debug */ = {
			isa = XCBuildConfiguration;
			buildSettings = {
				ASSETCATALOG_COMPILER_APPICON_NAME = AppIcon;
				CODE_SIGN_STYLE = Automatic;
				DEVELOPMENT_TEAM = 6JB2SDQGN3;
				INFOPLIST_FILE = TechChan/Info.plist;
				LD_RUNPATH_SEARCH_PATHS = (
					"$(inherited)",
					"@executable_path/Frameworks",
				);
				PRODUCT_BUNDLE_IDENTIFIER = com.takumiobayashi.TechChan;
				PRODUCT_NAME = "$(TARGET_NAME)";
				SWIFT_VERSION = 5.0;
				TARGETED_DEVICE_FAMILY = "1,2";
			};
			name = Debug;
		};
		66C85CED2338A5F00037EA5C /* Release */ = {
			isa = XCBuildConfiguration;
			buildSettings = {
				ASSETCATALOG_COMPILER_APPICON_NAME = AppIcon;
				CODE_SIGN_STYLE = Automatic;
				DEVELOPMENT_TEAM = 6JB2SDQGN3;
				INFOPLIST_FILE = TechChan/Info.plist;
				LD_RUNPATH_SEARCH_PATHS = (
					"$(inherited)",
					"@executable_path/Frameworks",
				);
				PRODUCT_BUNDLE_IDENTIFIER = com.takumiobayashi.TechChan;
				PRODUCT_NAME = "$(TARGET_NAME)";
				SWIFT_VERSION = 5.0;
				TARGETED_DEVICE_FAMILY = "1,2";
			};
			name = Release;
		};
		66C85CEF2338A5F00037EA5C /* Debug */ = {
			isa = XCBuildConfiguration;
			buildSettings = {
				ALWAYS_EMBED_SWIFT_STANDARD_LIBRARIES = YES;
				BUNDLE_LOADER = "$(TEST_HOST)";
				CODE_SIGN_STYLE = Automatic;
				DEVELOPMENT_TEAM = 6JB2SDQGN3;
				INFOPLIST_FILE = TechChanTests/Info.plist;
				IPHONEOS_DEPLOYMENT_TARGET = 13.0;
				LD_RUNPATH_SEARCH_PATHS = (
					"$(inherited)",
					"@executable_path/Frameworks",
					"@loader_path/Frameworks",
				);
				PRODUCT_BUNDLE_IDENTIFIER = com.takumiobayashi.TechChanTests;
				PRODUCT_NAME = "$(TARGET_NAME)";
				SWIFT_VERSION = 5.0;
				TARGETED_DEVICE_FAMILY = "1,2";
				TEST_HOST = "$(BUILT_PRODUCTS_DIR)/TechChan.app/TechChan";
			};
			name = Debug;
		};
		66C85CF02338A5F00037EA5C /* Release */ = {
			isa = XCBuildConfiguration;
			buildSettings = {
				ALWAYS_EMBED_SWIFT_STANDARD_LIBRARIES = YES;
				BUNDLE_LOADER = "$(TEST_HOST)";
				CODE_SIGN_STYLE = Automatic;
				DEVELOPMENT_TEAM = 6JB2SDQGN3;
				INFOPLIST_FILE = TechChanTests/Info.plist;
				IPHONEOS_DEPLOYMENT_TARGET = 13.0;
				LD_RUNPATH_SEARCH_PATHS = (
					"$(inherited)",
					"@executable_path/Frameworks",
					"@loader_path/Frameworks",
				);
				PRODUCT_BUNDLE_IDENTIFIER = com.takumiobayashi.TechChanTests;
				PRODUCT_NAME = "$(TARGET_NAME)";
				SWIFT_VERSION = 5.0;
				TARGETED_DEVICE_FAMILY = "1,2";
				TEST_HOST = "$(BUILT_PRODUCTS_DIR)/TechChan.app/TechChan";
			};
			name = Release;
		};
		66C85CF22338A5F00037EA5C /* Debug */ = {
			isa = XCBuildConfiguration;
			buildSettings = {
				ALWAYS_EMBED_SWIFT_STANDARD_LIBRARIES = YES;
				CODE_SIGN_STYLE = Automatic;
				DEVELOPMENT_TEAM = 6JB2SDQGN3;
				INFOPLIST_FILE = TechChanUITests/Info.plist;
				LD_RUNPATH_SEARCH_PATHS = (
					"$(inherited)",
					"@executable_path/Frameworks",
					"@loader_path/Frameworks",
				);
				PRODUCT_BUNDLE_IDENTIFIER = com.takumiobayashi.TechChanUITests;
				PRODUCT_NAME = "$(TARGET_NAME)";
				SWIFT_VERSION = 5.0;
				TARGETED_DEVICE_FAMILY = "1,2";
				TEST_TARGET_NAME = TechChan;
			};
			name = Debug;
		};
		66C85CF32338A5F00037EA5C /* Release */ = {
			isa = XCBuildConfiguration;
			buildSettings = {
				ALWAYS_EMBED_SWIFT_STANDARD_LIBRARIES = YES;
				CODE_SIGN_STYLE = Automatic;
				DEVELOPMENT_TEAM = 6JB2SDQGN3;
				INFOPLIST_FILE = TechChanUITests/Info.plist;
				LD_RUNPATH_SEARCH_PATHS = (
					"$(inherited)",
					"@executable_path/Frameworks",
					"@loader_path/Frameworks",
				);
				PRODUCT_BUNDLE_IDENTIFIER = com.takumiobayashi.TechChanUITests;
				PRODUCT_NAME = "$(TARGET_NAME)";
				SWIFT_VERSION = 5.0;
				TARGETED_DEVICE_FAMILY = "1,2";
				TEST_TARGET_NAME = TechChan;
			};
			name = Release;
		};
/* End XCBuildConfiguration section */

/* Begin XCConfigurationList section */
		66C85CB92338A5ED0037EA5C /* Build configuration list for PBXProject "TechChan" */ = {
			isa = XCConfigurationList;
			buildConfigurations = (
				66C85CE92338A5F00037EA5C /* Debug */,
				66C85CEA2338A5F00037EA5C /* Release */,
			);
			defaultConfigurationIsVisible = 0;
			defaultConfigurationName = Release;
		};
		66C85CEB2338A5F00037EA5C /* Build configuration list for PBXNativeTarget "TechChan" */ = {
			isa = XCConfigurationList;
			buildConfigurations = (
				66C85CEC2338A5F00037EA5C /* Debug */,
				66C85CED2338A5F00037EA5C /* Release */,
			);
			defaultConfigurationIsVisible = 0;
			defaultConfigurationName = Release;
		};
		66C85CEE2338A5F00037EA5C /* Build configuration list for PBXNativeTarget "TechChanTests" */ = {
			isa = XCConfigurationList;
			buildConfigurations = (
				66C85CEF2338A5F00037EA5C /* Debug */,
				66C85CF02338A5F00037EA5C /* Release */,
			);
			defaultConfigurationIsVisible = 0;
			defaultConfigurationName = Release;
		};
		66C85CF12338A5F00037EA5C /* Build configuration list for PBXNativeTarget "TechChanUITests" */ = {
			isa = XCConfigurationList;
			buildConfigurations = (
				66C85CF22338A5F00037EA5C /* Debug */,
				66C85CF32338A5F00037EA5C /* Release */,
			);
			defaultConfigurationIsVisible = 0;
			defaultConfigurationName = Release;
		};
/* End XCConfigurationList section */

/* Begin XCVersionGroup section */
		66C85CCA2338A5ED0037EA5C /* TechChan.xcdatamodeld */ = {
			isa = XCVersionGroup;
			children = (
				66C85CCB2338A5ED0037EA5C /* TechChan.xcdatamodel */,
			);
			currentVersion = 66C85CCB2338A5ED0037EA5C /* TechChan.xcdatamodel */;
			path = TechChan.xcdatamodeld;
			sourceTree = "<group>";
			versionGroupType = wrapper.xcdatamodel;
		};
/* End XCVersionGroup section */
	};
	rootObject = 66C85CB62338A5ED0037EA5C /* Project object */;
}
